
Microsoft Visual Studio Solution File, Format Version 12.00
Project("{FAE04EC0-301F-11D3-BF4B-00C04F79EFBC}") = "NotesWPF.UI", "NotesWPF.UI\NotesWPF.UI.csproj", "{5F9D5F9B-32AC-402D-87CE-CB0E7EE2B54B}"
EndProject
Global
	GlobalSection(SolutionConfigurationPlatforms) = preSolution
		Debug|Any CPU = Debug|Any CPU
		Release|Any CPU = Release|Any CPU
	EndGlobalSection
	GlobalSection(ProjectConfigurationPlatforms) = postSolution
		{5F9D5F9B-32AC-402D-87CE-CB0E7EE2B54B}.Debug|Any CPU.ActiveCfg = Debug|Any CPU
		{5F9D5F9B-32AC-402D-87CE-CB0E7EE2B54B}.Debug|Any CPU.Build.0 = Debug|Any CPU
		{5F9D5F9B-32AC-402D-87CE-CB0E7EE2B54B}.Release|Any CPU.ActiveCfg = Release|Any CPU
		{5F9D5F9B-32AC-402D-87CE-CB0E7EE2B54B}.Release|Any CPU.Build.0 = Release|Any CPU
	EndGlobalSection
EndGlobal
